{
  "lockfileVersion": 1,
  "configVersion": 1,
  "workspaces": {
    "": {
      "name": "slick-release-tools",
      "dependencies": {
        "@electron/osx-sign": "^2.4.2",
      },
    },
  },
  "packages": {
    "@electron/osx-sign": ["@electron/osx-sign@2.4.2", "", { "dependencies": { "debug": "^4.3.4", "isbinaryfile": "^4.0.8", "plist": "^3.0.5", "semver": "^7.7.1" }, "bin": { "electron-osx-flat": "bin/electron-osx-flat.mjs", "electron-osx-sign": "bin/electron-osx-sign.mjs" } }, "sha512-63Oi+mXbgtbQsU3eLam3qYISAwxAHllDabGNxW5snISFte/QvEKhPsPDNLGNegdlbNV59AGNRYN45VUOcnCVOg=="],

    "@xmldom/xmldom": ["@xmldom/xmldom@0.9.10", "", {}, "sha512-A9gOqLdi6cV4ibazAjcQufGj0B1y/vDqYrcuP6d/6x8P27gRS8643Dj9o1dEKtB6O7fwxb2FgBmJS2mX7gpvdw=="],

    "base64-js": ["base64-js@1.5.1", "", {}, "sha512-AKpaYlHn8t4SVbOHCy+b5+KKgvR4vrsD8vbvrbiQJps7fKDTkjkDry6ji0rUJjC0kzbNePLwzxq8iypo41qeWA=="],

    "debug": ["debug@4.4.3", "", { "dependencies": { "ms": "^2.1.3" }, "peerDependencies": { "supports-color": "*" }, "optionalPeers": ["supports-color"] }, "sha512-RGwwWnwQvkVfavKVt22FGLw+xYSdzARwm0ru6DhTVA3umU5hZc28V3kO4stgYryrTlLpuvgI9GiijltAjNbcqA=="],

    "isbinaryfile": ["isbinaryfile@4.0.10", "", {}, "sha512-iHrqe5shvBUcFbmZq9zOQHBoeOhZJu6RQGrDpBgenUm/Am+F3JM2MgQj+rK3Z601fzrL5gLZWtAPH2OBaSVcyw=="],

    "ms": ["ms@2.1.3", "", {}, "sha512-6FlzubTLZG3J2a/NVCAleEhjzq5oxgHyaCU9yYXvcLsvoVaHJq/s5xXI6/XXP6tz7R9xAOtHnSO/tXtF3WRTlA=="],

    "plist": ["plist@3.1.1", "", { "dependencies": { "@xmldom/xmldom": "^0.9.10", "base64-js": "^1.5.1", "xmlbuilder": "^15.1.1" } }, "sha512-ZIfcLJC+7E7FBFnDxm9MPmt7D+DidyQ26lewieO75AdhA2ayMtsJSES0iWzqJQbcVRSrTufQoy0DR94xHue0oA=="],

    "semver": ["semver@7.8.2", "", { "bin": { "semver": "bin/semver.js" } }, "sha512-c8jsqUZm3omBOI66G90z1Dyw5z622G8oLG+omfsHBJf3CWQTlOcwOjvOG6wtiNfW6anKm/eA39LMwMtMez2TiQ=="],

    "xmlbuilder": ["xmlbuilder@15.1.1", "", {}, "sha512-yMqGBqtXyeN1e3TGYvgNgDVZ3j84W4cwkOXQswghol6APgZWaff9lnbvN7MHYJOiXsvGPXtjTYJEiC9J2wv9Eg=="],
  }
}
